
Microsoft Visual Studio Solution File, Format Version 12.00
# Visual Studio Version 17
VisualStudioVersion = 17.14.37314.3 d17.14
MinimumVisualStudioVersion = 10.0.40219.1
Project("{FAE04EC0-301F-11D3-BF4B-00C04F79EFBC}") = "PatientLookup", "PatientLookup\PatientLookup.csproj", "{7DD58093-6747-4915-B6A6-68480679844A}"
EndProject
Global
	GlobalSection(SolutionConfigurationPlatforms) = preSolution
		Debug|Any CPU = Debug|Any CPU
		Release|Any CPU = Release|Any CPU
	EndGlobalSection
	GlobalSection(ProjectConfigurationPlatforms) = postSolution
		{7DD58093-6747-4915-B6A6-68480679844A}.Debug|Any CPU.ActiveCfg = Debug|Any CPU
		{7DD58093-6747-4915-B6A6-68480679844A}.Debug|Any CPU.Build.0 = Debug|Any CPU
		{7DD58093-6747-4915-B6A6-68480679844A}.Release|Any CPU.ActiveCfg = Release|Any CPU
		{7DD58093-6747-4915-B6A6-68480679844A}.Release|Any CPU.Build.0 = Release|Any CPU
	EndGlobalSection
	GlobalSection(SolutionProperties) = preSolution
		HideSolutionNode = FALSE
	EndGlobalSection
	GlobalSection(ExtensibilityGlobals) = postSolution
		SolutionGuid = {6AE914F3-28B1-4F10-BF80-3122255B694A}
	EndGlobalSection
EndGlobal
