
Microsoft Visual Studio Solution File, Format Version 12.00
# Visual Studio Version 17
VisualStudioVersion = 17.14.37314.3 d17.14
MinimumVisualStudioVersion = 10.0.40219.1
Project("{FAE04EC0-301F-11D3-BF4B-00C04F79EFBC}") = "PatientQueue", "PatientQueue\PatientQueue.csproj", "{11D3E420-3E5E-4381-938A-869AF0A60B88}"
EndProject
Global
	GlobalSection(SolutionConfigurationPlatforms) = preSolution
		Debug|Any CPU = Debug|Any CPU
		Release|Any CPU = Release|Any CPU
	EndGlobalSection
	GlobalSection(ProjectConfigurationPlatforms) = postSolution
		{11D3E420-3E5E-4381-938A-869AF0A60B88}.Debug|Any CPU.ActiveCfg = Debug|Any CPU
		{11D3E420-3E5E-4381-938A-869AF0A60B88}.Debug|Any CPU.Build.0 = Debug|Any CPU
		{11D3E420-3E5E-4381-938A-869AF0A60B88}.Release|Any CPU.ActiveCfg = Release|Any CPU
		{11D3E420-3E5E-4381-938A-869AF0A60B88}.Release|Any CPU.Build.0 = Release|Any CPU
	EndGlobalSection
	GlobalSection(SolutionProperties) = preSolution
		HideSolutionNode = FALSE
	EndGlobalSection
	GlobalSection(ExtensibilityGlobals) = postSolution
		SolutionGuid = {4097A7E4-C2CE-4E2F-AEE5-0CB70A9248A6}
	EndGlobalSection
EndGlobal
