
Microsoft Visual Studio Solution File, Format Version 12.00
# Visual Studio Version 17
VisualStudioVersion = 17.14.37314.3 d17.14
MinimumVisualStudioVersion = 10.0.40219.1
Project("{FAE04EC0-301F-11D3-BF4B-00C04F79EFBC}") = "CareBridge.EFCoreDemo", "CareBridge.EFCoreDemo.csproj", "{51BD817C-0E9A-4484-ACA1-D25AD3199BA7}"
EndProject
Project("{FAE04EC0-301F-11D3-BF4B-00C04F79EFBC}") = "CareBridge.API", "..\CareBridge.API\CareBridge.API.csproj", "{1FD9BCBE-C47A-4356-B321-AC18533DE22B}"
EndProject
Global
	GlobalSection(SolutionConfigurationPlatforms) = preSolution
		Debug|Any CPU = Debug|Any CPU
		Release|Any CPU = Release|Any CPU
	EndGlobalSection
	GlobalSection(ProjectConfigurationPlatforms) = postSolution
		{51BD817C-0E9A-4484-ACA1-D25AD3199BA7}.Debug|Any CPU.ActiveCfg = Debug|Any CPU
		{51BD817C-0E9A-4484-ACA1-D25AD3199BA7}.Debug|Any CPU.Build.0 = Debug|Any CPU
		{51BD817C-0E9A-4484-ACA1-D25AD3199BA7}.Release|Any CPU.ActiveCfg = Release|Any CPU
		{51BD817C-0E9A-4484-ACA1-D25AD3199BA7}.Release|Any CPU.Build.0 = Release|Any CPU
		{1FD9BCBE-C47A-4356-B321-AC18533DE22B}.Debug|Any CPU.ActiveCfg = Debug|Any CPU
		{1FD9BCBE-C47A-4356-B321-AC18533DE22B}.Debug|Any CPU.Build.0 = Debug|Any CPU
		{1FD9BCBE-C47A-4356-B321-AC18533DE22B}.Release|Any CPU.ActiveCfg = Release|Any CPU
		{1FD9BCBE-C47A-4356-B321-AC18533DE22B}.Release|Any CPU.Build.0 = Release|Any CPU
	EndGlobalSection
	GlobalSection(SolutionProperties) = preSolution
		HideSolutionNode = FALSE
	EndGlobalSection
	GlobalSection(ExtensibilityGlobals) = postSolution
		SolutionGuid = {039BC2A7-0D7C-4713-B28C-4BF66F97453D}
	EndGlobalSection
EndGlobal
