
Microsoft Visual Studio Solution File, Format Version 12.00
# Visual Studio Version 17
VisualStudioVersion = 17.14.37314.3 d17.14
MinimumVisualStudioVersion = 10.0.40219.1
Project("{FAE04EC0-301F-11D3-BF4B-00C04F79EFBC}") = "ForeachLimitationDemo", "ForeachLimitationDemo\ForeachLimitationDemo.csproj", "{98B9D13A-8D61-4EE0-91DA-D76BB94AD033}"
EndProject
Global
	GlobalSection(SolutionConfigurationPlatforms) = preSolution
		Debug|Any CPU = Debug|Any CPU
		Release|Any CPU = Release|Any CPU
	EndGlobalSection
	GlobalSection(ProjectConfigurationPlatforms) = postSolution
		{98B9D13A-8D61-4EE0-91DA-D76BB94AD033}.Debug|Any CPU.ActiveCfg = Debug|Any CPU
		{98B9D13A-8D61-4EE0-91DA-D76BB94AD033}.Debug|Any CPU.Build.0 = Debug|Any CPU
		{98B9D13A-8D61-4EE0-91DA-D76BB94AD033}.Release|Any CPU.ActiveCfg = Release|Any CPU
		{98B9D13A-8D61-4EE0-91DA-D76BB94AD033}.Release|Any CPU.Build.0 = Release|Any CPU
	EndGlobalSection
	GlobalSection(SolutionProperties) = preSolution
		HideSolutionNode = FALSE
	EndGlobalSection
	GlobalSection(ExtensibilityGlobals) = postSolution
		SolutionGuid = {8675BBD3-DA20-4F9C-BDE0-A1E69A226102}
	EndGlobalSection
EndGlobal
