
Microsoft Visual Studio Solution File, Format Version 12.00
# Visual Studio Version 17
VisualStudioVersion = 17.14.37314.3 d17.14
MinimumVisualStudioVersion = 10.0.40219.1
Project("{FAE04EC0-301F-11D3-BF4B-00C04F79EFBC}") = "CareBridge.PerformanceLabAssignment", "CareBridge.PerformanceLabAssignment.csproj", "{2DD07156-E2AC-4D8D-BE8E-8819DBF5345D}"
EndProject
Global
	GlobalSection(SolutionConfigurationPlatforms) = preSolution
		Debug|Any CPU = Debug|Any CPU
		Release|Any CPU = Release|Any CPU
	EndGlobalSection
	GlobalSection(ProjectConfigurationPlatforms) = postSolution
		{2DD07156-E2AC-4D8D-BE8E-8819DBF5345D}.Debug|Any CPU.ActiveCfg = Debug|Any CPU
		{2DD07156-E2AC-4D8D-BE8E-8819DBF5345D}.Debug|Any CPU.Build.0 = Debug|Any CPU
		{2DD07156-E2AC-4D8D-BE8E-8819DBF5345D}.Release|Any CPU.ActiveCfg = Release|Any CPU
		{2DD07156-E2AC-4D8D-BE8E-8819DBF5345D}.Release|Any CPU.Build.0 = Release|Any CPU
	EndGlobalSection
	GlobalSection(SolutionProperties) = preSolution
		HideSolutionNode = FALSE
	EndGlobalSection
	GlobalSection(ExtensibilityGlobals) = postSolution
		SolutionGuid = {F2998B7D-220C-4536-90EA-8553EE22C764}
	EndGlobalSection
EndGlobal
